
Microsoft Visual Studio Solution File, Format Version 12.00
# Visual Studio Version 16
VisualStudioVersion = 16.0.31321.278
MinimumVisualStudioVersion = 10.0.40219.1
Project("{FAE04EC0-301F-11D3-BF4B-00C04F79EFBC}") = "ChessManager", "ChessManager\ChessManager.csproj", "{0E6B53B6-3903-4B6D-88F5-D9A7B8142C6A}"
EndProject
Project("{FAE04EC0-301F-11D3-BF4B-00C04F79EFBC}") = "ChessManagerTests", "ChessManagerTests\ChessManagerTests.csproj", "{A3F7E961-10D0-48F0-852C-A4515ED690C2}"
EndProject
Project("{FAE04EC0-301F-11D3-BF4B-00C04F79EFBC}") = "Game", "Game\Game.csproj", "{C9407A21-CBA9-4929-A939-A0F833A33301}"
EndProject
Global
	GlobalSection(SolutionConfigurationPlatforms) = preSolution
		Debug|Any CPU = Debug|Any CPU
		Release|Any CPU = Release|Any CPU
	EndGlobalSection
	GlobalSection(ProjectConfigurationPlatforms) = postSolution
		{0E6B53B6-3903-4B6D-88F5-D9A7B8142C6A}.Debug|Any CPU.ActiveCfg = Debug|Any CPU
		{0E6B53B6-3903-4B6D-88F5-D9A7B8142C6A}.Debug|Any CPU.Build.0 = Debug|Any CPU
		{0E6B53B6-3903-4B6D-88F5-D9A7B8142C6A}.Release|Any CPU.ActiveCfg = Release|Any CPU
		{0E6B53B6-3903-4B6D-88F5-D9A7B8142C6A}.Release|Any CPU.Build.0 = Release|Any CPU
		{A3F7E961-10D0-48F0-852C-A4515ED690C2}.Debug|Any CPU.ActiveCfg = Debug|Any CPU
		{A3F7E961-10D0-48F0-852C-A4515ED690C2}.Debug|Any CPU.Build.0 = Debug|Any CPU
		{A3F7E961-10D0-48F0-852C-A4515ED690C2}.Release|Any CPU.ActiveCfg = Release|Any CPU
		{A3F7E961-10D0-48F0-852C-A4515ED690C2}.Release|Any CPU.Build.0 = Release|Any CPU
		{C9407A21-CBA9-4929-A939-A0F833A33301}.Debug|Any CPU.ActiveCfg = Debug|Any CPU
		{C9407A21-CBA9-4929-A939-A0F833A33301}.Debug|Any CPU.Build.0 = Debug|Any CPU
		{C9407A21-CBA9-4929-A939-A0F833A33301}.Release|Any CPU.ActiveCfg = Release|Any CPU
		{C9407A21-CBA9-4929-A939-A0F833A33301}.Release|Any CPU.Build.0 = Release|Any CPU
	EndGlobalSection
	GlobalSection(SolutionProperties) = preSolution
		HideSolutionNode = FALSE
	EndGlobalSection
	GlobalSection(ExtensibilityGlobals) = postSolution
		SolutionGuid = {0D154D5C-33E7-4311-B21E-E59A0157B3E2}
	EndGlobalSection
EndGlobal
