
Microsoft Visual Studio Solution File, Format Version 12.00
# Visual Studio Version 16
VisualStudioVersion = 16.0.31321.278
MinimumVisualStudioVersion = 10.0.40219.1
Project("{FAE04EC0-301F-11D3-BF4B-00C04F79EFBC}") = "CargoProduct", "Task2\CargoProduct\CargoProduct.csproj", "{799ED900-A273-4F6B-8A6D-80F991706B8F}"
EndProject
Project("{FAE04EC0-301F-11D3-BF4B-00C04F79EFBC}") = "Transport", "Task2\Transport\Transport.csproj", "{7EF90152-6DD1-4A1E-B71C-72FFDDB541A5}"
EndProject
Global
	GlobalSection(SolutionConfigurationPlatforms) = preSolution
		Debug|Any CPU = Debug|Any CPU
		Release|Any CPU = Release|Any CPU
	EndGlobalSection
	GlobalSection(ProjectConfigurationPlatforms) = postSolution
		{799ED900-A273-4F6B-8A6D-80F991706B8F}.Debug|Any CPU.ActiveCfg = Debug|Any CPU
		{799ED900-A273-4F6B-8A6D-80F991706B8F}.Debug|Any CPU.Build.0 = Debug|Any CPU
		{799ED900-A273-4F6B-8A6D-80F991706B8F}.Release|Any CPU.ActiveCfg = Release|Any CPU
		{799ED900-A273-4F6B-8A6D-80F991706B8F}.Release|Any CPU.Build.0 = Release|Any CPU
		{7EF90152-6DD1-4A1E-B71C-72FFDDB541A5}.Debug|Any CPU.ActiveCfg = Debug|Any CPU
		{7EF90152-6DD1-4A1E-B71C-72FFDDB541A5}.Debug|Any CPU.Build.0 = Debug|Any CPU
		{7EF90152-6DD1-4A1E-B71C-72FFDDB541A5}.Release|Any CPU.ActiveCfg = Release|Any CPU
		{7EF90152-6DD1-4A1E-B71C-72FFDDB541A5}.Release|Any CPU.Build.0 = Release|Any CPU
	EndGlobalSection
	GlobalSection(SolutionProperties) = preSolution
		HideSolutionNode = FALSE
	EndGlobalSection
	GlobalSection(ExtensibilityGlobals) = postSolution
		SolutionGuid = {0D154D5C-33E7-4311-B21E-E59A0157B3E2}
	EndGlobalSection
EndGlobal
