
Microsoft Visual Studio Solution File, Format Version 12.00
# Visual Studio Version 16
VisualStudioVersion = 16.0.31321.278
MinimumVisualStudioVersion = 10.0.40219.1
Project("{FAE04EC0-301F-11D3-BF4B-00C04F79EFBC}") = "ClientSrever", "Task4\ClientSrever\ClientSrever.csproj", "{C7250873-1B9D-4C30-949B-D4AE96CC6001}"
EndProject
Project("{FAE04EC0-301F-11D3-BF4B-00C04F79EFBC}") = "Gauss", "Task4\Gauss\Gauss.csproj", "{83B686D5-3FA4-4CA3-A9F7-AE759DB83848}"
EndProject
Project("{FAE04EC0-301F-11D3-BF4B-00C04F79EFBC}") = "ConsoleApp", "Task4\ConsoleApp\ConsoleApp.csproj", "{91234910-EDCB-4CEC-8D47-08C0901169D0}"
EndProject
Project("{FAE04EC0-301F-11D3-BF4B-00C04F79EFBC}") = "Parser", "Task4\Parser\Parser.csproj", "{7592D13C-06E4-4983-A9B3-2C06CF8609D4}"
EndProject
Project("{FAE04EC0-301F-11D3-BF4B-00C04F79EFBC}") = "ParserTests", "Task4\ParserTests1\ParserTests.csproj", "{6656E2F5-9464-4DA1-B55A-FBE1019D5B61}"
EndProject
Project("{FAE04EC0-301F-11D3-BF4B-00C04F79EFBC}") = "GaussTests", "Task4\GaussTests\GaussTests.csproj", "{39B75A9E-EE35-42EB-AA6E-86B6F61CEF96}"
EndProject
Global
	GlobalSection(SolutionConfigurationPlatforms) = preSolution
		Debug|Any CPU = Debug|Any CPU
		Release|Any CPU = Release|Any CPU
	EndGlobalSection
	GlobalSection(ProjectConfigurationPlatforms) = postSolution
		{C7250873-1B9D-4C30-949B-D4AE96CC6001}.Debug|Any CPU.ActiveCfg = Debug|Any CPU
		{C7250873-1B9D-4C30-949B-D4AE96CC6001}.Debug|Any CPU.Build.0 = Debug|Any CPU
		{C7250873-1B9D-4C30-949B-D4AE96CC6001}.Release|Any CPU.ActiveCfg = Release|Any CPU
		{C7250873-1B9D-4C30-949B-D4AE96CC6001}.Release|Any CPU.Build.0 = Release|Any CPU
		{83B686D5-3FA4-4CA3-A9F7-AE759DB83848}.Debug|Any CPU.ActiveCfg = Debug|Any CPU
		{83B686D5-3FA4-4CA3-A9F7-AE759DB83848}.Debug|Any CPU.Build.0 = Debug|Any CPU
		{83B686D5-3FA4-4CA3-A9F7-AE759DB83848}.Release|Any CPU.ActiveCfg = Release|Any CPU
		{83B686D5-3FA4-4CA3-A9F7-AE759DB83848}.Release|Any CPU.Build.0 = Release|Any CPU
		{91234910-EDCB-4CEC-8D47-08C0901169D0}.Debug|Any CPU.ActiveCfg = Debug|Any CPU
		{91234910-EDCB-4CEC-8D47-08C0901169D0}.Debug|Any CPU.Build.0 = Debug|Any CPU
		{91234910-EDCB-4CEC-8D47-08C0901169D0}.Release|Any CPU.ActiveCfg = Release|Any CPU
		{91234910-EDCB-4CEC-8D47-08C0901169D0}.Release|Any CPU.Build.0 = Release|Any CPU
		{7592D13C-06E4-4983-A9B3-2C06CF8609D4}.Debug|Any CPU.ActiveCfg = Debug|Any CPU
		{7592D13C-06E4-4983-A9B3-2C06CF8609D4}.Debug|Any CPU.Build.0 = Debug|Any CPU
		{7592D13C-06E4-4983-A9B3-2C06CF8609D4}.Release|Any CPU.ActiveCfg = Release|Any CPU
		{7592D13C-06E4-4983-A9B3-2C06CF8609D4}.Release|Any CPU.Build.0 = Release|Any CPU
		{6656E2F5-9464-4DA1-B55A-FBE1019D5B61}.Debug|Any CPU.ActiveCfg = Debug|Any CPU
		{6656E2F5-9464-4DA1-B55A-FBE1019D5B61}.Debug|Any CPU.Build.0 = Debug|Any CPU
		{6656E2F5-9464-4DA1-B55A-FBE1019D5B61}.Release|Any CPU.ActiveCfg = Release|Any CPU
		{6656E2F5-9464-4DA1-B55A-FBE1019D5B61}.Release|Any CPU.Build.0 = Release|Any CPU
		{39B75A9E-EE35-42EB-AA6E-86B6F61CEF96}.Debug|Any CPU.ActiveCfg = Debug|Any CPU
		{39B75A9E-EE35-42EB-AA6E-86B6F61CEF96}.Debug|Any CPU.Build.0 = Debug|Any CPU
		{39B75A9E-EE35-42EB-AA6E-86B6F61CEF96}.Release|Any CPU.ActiveCfg = Release|Any CPU
		{39B75A9E-EE35-42EB-AA6E-86B6F61CEF96}.Release|Any CPU.Build.0 = Release|Any CPU
	EndGlobalSection
	GlobalSection(SolutionProperties) = preSolution
		HideSolutionNode = FALSE
	EndGlobalSection
	GlobalSection(ExtensibilityGlobals) = postSolution
		SolutionGuid = {0D154D5C-33E7-4311-B21E-E59A0157B3E2}
	EndGlobalSection
EndGlobal
